// !$*UTF8*$!
{
	archiveVersion = 1;
	classes = {
	};
	objectVersion = 56;
	objects = {

/* Begin PBXBuildFile section */
		AF3D981929AE624F00A13C2C /* AppDelegate.swift in Sources */ = {isa = PBXBuildFile; fileRef = AF3D981829AE624F00A13C2C /* AppDelegate.swift */; };
		AF3D981B29AE624F00A13C2C /* SceneDelegate.swift in Sources */ = {isa = PBXBuildFile; fileRef = AF3D981A29AE624F00A13C2C /* SceneDelegate.swift */; };
		AF3D982029AE624F00A13C2C /* Main.storyboard in Resources */ = {isa = PBXBuildFile; fileRef = AF3D981E29AE624F00A13C2C /* Main.storyboard */; };
		AF3D982229AE625000A13C2C /* Assets.xcassets in Resources */ = {isa = PBXBuildFile; fileRef = AF3D982129AE625000A13C2C /* Assets.xcassets */; };
		AF3D982529AE625000A13C2C /* LaunchScreen.storyboard in Resources */ = {isa = PBXBuildFile; fileRef = AF3D982329AE625000A13C2C /* LaunchScreen.storyboard */; };
		AF3D982F29AE653D00A13C2C /* Pokemon.swift in Sources */ = {isa = PBXBuildFile; fileRef = AF3D982E29AE653D00A13C2C /* Pokemon.swift */; };
		AF3D983229AE66E400A13C2C /* PokedexTableViewController.swift in Sources */ = {isa = PBXBuildFile; fileRef = AF3D983129AE66E400A13C2C /* PokedexTableViewController.swift */; };
		AF3D983629AE677C00A13C2C /* NetworkingController.swift in Sources */ = {isa = PBXBuildFile; fileRef = AF3D983529AE677C00A13C2C /* NetworkingController.swift */; };
		AF3D983929AE689700A13C2C /* NetworkError.swift in Sources */ = {isa = PBXBuildFile; fileRef = AF3D983829AE689700A13C2C /* NetworkError.swift */; };
		AF3D983B29AE6DE200A13C2C /* Constants.swift in Sources */ = {isa = PBXBuildFile; fileRef = AF3D983A29AE6DE200A13C2C /* Constants.swift */; };
		AF3D983D29AE847400A13C2C /* PokemonTableViewCell.swift in Sources */ = {isa = PBXBuildFile; fileRef = AF3D983C29AE847400A13C2C /* PokemonTableViewCell.swift */; };
/* End PBXBuildFile section */

/* Begin PBXFileReference section */
		AF3D981529AE624F00A13C2C /* PokedexCodeable.app */ = {isa = PBXFileReference; explicitFileType = wrapper.application; includeInIndex = 0; path = PokedexCodeable.app; sourceTree = BUILT_PRODUCTS_DIR; };
		AF3D981829AE624F00A13C2C /* AppDelegate.swift */ = {isa = PBXFileReference; lastKnownFileType = sourcecode.swift; path = AppDelegate.swift; sourceTree = "<group>"; };
		AF3D981A29AE624F00A13C2C /* SceneDelegate.swift */ = {isa = PBXFileReference; lastKnownFileType = sourcecode.swift; path = SceneDelegate.swift; sourceTree = "<group>"; };
		AF3D981F29AE624F00A13C2C /* Base */ = {isa = PBXFileReference; lastKnownFileType = file.storyboard; name = Base; path = Base.lproj/Main.storyboard; sourceTree = "<group>"; };
		AF3D982129AE625000A13C2C /* Assets.xcassets */ = {isa = PBXFileReference; lastKnownFileType = folder.assetcatalog; path = Assets.xcassets; sourceTree = "<group>"; };
		AF3D982429AE625000A13C2C /* Base */ = {isa = PBXFileReference; lastKnownFileType = file.storyboard; name = Base; path = Base.lproj/LaunchScreen.storyboard; sourceTree = "<group>"; };
		AF3D982629AE625000A13C2C /* Info.plist */ = {isa = PBXFileReference; lastKnownFileType = text.plist.xml; path = Info.plist; sourceTree = "<group>"; };
		AF3D982E29AE653D00A13C2C /* Pokemon.swift */ = {isa = PBXFileReference; lastKnownFileType = sourcecode.swift; path = Pokemon.swift; sourceTree = "<group>"; };
		AF3D983129AE66E400A13C2C /* PokedexTableViewController.swift */ = {isa = PBXFileReference; lastKnownFileType = sourcecode.swift; path = PokedexTableViewController.swift; sourceTree = "<group>"; };
		AF3D983529AE677C00A13C2C /* NetworkingController.swift */ = {isa = PBXFileReference; lastKnownFileType = sourcecode.swift; path = NetworkingController.swift; sourceTree = "<group>"; };
		AF3D983829AE689700A13C2C /* NetworkError.swift */ = {isa = PBXFileReference; lastKnownFileType = sourcecode.swift; path = NetworkError.swift; sourceTree = "<group>"; };
		AF3D983A29AE6DE200A13C2C /* Constants.swift */ = {isa = PBXFileReference; lastKnownFileType = sourcecode.swift; path = Constants.swift; sourceTree = "<group>"; };
		AF3D983C29AE847400A13C2C /* PokemonTableViewCell.swift */ = {isa = PBXFileReference; lastKnownFileType = sourcecode.swift; path = PokemonTableViewCell.swift; sourceTree = "<group>"; };
/* End PBXFileReference section */

/* Begin PBXFrameworksBuildPhase section */
		AF3D981229AE624F00A13C2C /* Frameworks */ = {
			isa = PBXFrameworksBuildPhase;
			buildActionMask = 2147483647;
			files = (
			);
			runOnlyForDeploymentPostprocessing = 0;
		};
/* End PBXFrameworksBuildPhase section */

/* Begin PBXGroup section */
		AF3D980C29AE624F00A13C2C = {
			isa = PBXGroup;
			children = (
				AF3D981729AE624F00A13C2C /* PokedexCodeable */,
				AF3D981629AE624F00A13C2C /* Products */,
			);
			sourceTree = "<group>";
		};
		AF3D981629AE624F00A13C2C /* Products */ = {
			isa = PBXGroup;
			children = (
				AF3D981529AE624F00A13C2C /* PokedexCodeable.app */,
			);
			name = Products;
			sourceTree = "<group>";
		};
		AF3D981729AE624F00A13C2C /* PokedexCodeable */ = {
			isa = PBXGroup;
			children = (
				AF3D983E29AE848C00A13C2C /* CustomCell */,
				AF3D982C29AE626000A13C2C /* SupportingFiles */,
				AF3D982D29AE627700A13C2C /* Storyboard */,
				AF3D983029AE65CC00A13C2C /* Model */,
				AF3D983329AE66E900A13C2C /* Controllers */,
			);
			path = PokedexCodeable;
			sourceTree = "<group>";
		};
		AF3D982C29AE626000A13C2C /* SupportingFiles */ = {
			isa = PBXGroup;
			children = (
				AF3D981829AE624F00A13C2C /* AppDelegate.swift */,
				AF3D981A29AE624F00A13C2C /* SceneDelegate.swift */,
				AF3D982129AE625000A13C2C /* Assets.xcassets */,
				AF3D982629AE625000A13C2C /* Info.plist */,
				AF3D983A29AE6DE200A13C2C /* Constants.swift */,
			);
			path = SupportingFiles;
			sourceTree = "<group>";
		};
		AF3D982D29AE627700A13C2C /* Storyboard */ = {
			isa = PBXGroup;
			children = (
				AF3D981E29AE624F00A13C2C /* Main.storyboard */,
				AF3D982329AE625000A13C2C /* LaunchScreen.storyboard */,
			);
			path = Storyboard;
			sourceTree = "<group>";
		};
		AF3D983029AE65CC00A13C2C /* Model */ = {
			isa = PBXGroup;
			children = (
				AF3D982E29AE653D00A13C2C /* Pokemon.swift */,
			);
			path = Model;
			sourceTree = "<group>";
		};
		AF3D983329AE66E900A13C2C /* Controllers */ = {
			isa = PBXGroup;
			children = (
				AF3D983429AE66EF00A13C2C /* ViewController */,
				AF3D983729AE678400A13C2C /* Networking */,
			);
			path = Controllers;
			sourceTree = "<group>";
		};
		AF3D983429AE66EF00A13C2C /* ViewController */ = {
			isa = PBXGroup;
			children = (
				AF3D983129AE66E400A13C2C /* PokedexTableViewController.swift */,
			);
			path = ViewController;
			sourceTree = "<group>";
		};
		AF3D983729AE678400A13C2C /* Networking */ = {
			isa = PBXGroup;
			children = (
				AF3D983529AE677C00A13C2C /* NetworkingController.swift */,
				AF3D983829AE689700A13C2C /* NetworkError.swift */,
			);
			path = Networking;
			sourceTree = "<group>";
		};
		AF3D983E29AE848C00A13C2C /* CustomCell */ = {
			isa = PBXGroup;
			children = (
				AF3D983C29AE847400A13C2C /* PokemonTableViewCell.swift */,
			);
			path = CustomCell;
			sourceTree = "<group>";
		};
/* End PBXGroup section */

/* Begin PBXNativeTarget section */
		AF3D981429AE624F00A13C2C /* PokedexCodeable */ = {
			isa = PBXNativeTarget;
			buildConfigurationList = AF3D982929AE625000A13C2C /* Build configuration list for PBXNativeTarget "PokedexCodeable" */;
			buildPhases = (
				AF3D981129AE624F00A13C2C /* Sources */,
				AF3D981229AE624F00A13C2C /* Frameworks */,
				AF3D981329AE624F00A13C2C /* Resources */,
			);
			buildRules = (
			);
			dependencies = (
			);
			name = PokedexCodeable;
			productName = PokedexCodeable;
			productReference = AF3D981529AE624F00A13C2C /* PokedexCodeable.app */;
			productType = "com.apple.product-type.application";
		};
/* End PBXNativeTarget section */

/* Begin PBXProject section */
		AF3D980D29AE624F00A13C2C /* Project object */ = {
			isa = PBXProject;
			attributes = {
				BuildIndependentTargetsInParallel = 1;
				LastSwiftUpdateCheck = 1420;
				LastUpgradeCheck = 1420;
				TargetAttributes = {
					AF3D981429AE624F00A13C2C = {
						CreatedOnToolsVersion = 14.2;
					};
				};
			};
			buildConfigurationList = AF3D981029AE624F00A13C2C /* Build configuration list for PBXProject "PokedexCodeable" */;
			compatibilityVersion = "Xcode 14.0";
			developmentRegion = en;
			hasScannedForEncodings = 0;
			knownRegions = (
				en,
				Base,
			);
			mainGroup = AF3D980C29AE624F00A13C2C;
			productRefGroup = AF3D981629AE624F00A13C2C /* Products */;
			projectDirPath = "";
			projectRoot = "";
			targets = (
				AF3D981429AE624F00A13C2C /* PokedexCodeable */,
			);
		};
/* End PBXProject section */

/* Begin PBXResourcesBuildPhase section */
		AF3D981329AE624F00A13C2C /* Resources */ = {
			isa = PBXResourcesBuildPhase;
			buildActionMask = 2147483647;
			files = (
				AF3D982529AE625000A13C2C /* LaunchScreen.storyboard in Resources */,
				AF3D982229AE625000A13C2C /* Assets.xcassets in Resources */,
				AF3D982029AE624F00A13C2C /* Main.storyboard in Resources */,
			);
			runOnlyForDeploymentPostprocessing = 0;
		};
/* End PBXResourcesBuildPhase section */

/* Begin PBXSourcesBuildPhase section */
		AF3D981129AE624F00A13C2C /* Sources */ = {
			isa = PBXSourcesBuildPhase;
			buildActionMask = 2147483647;
			files = (
				AF3D983229AE66E400A13C2C /* PokedexTableViewController.swift in Sources */,
				AF3D983D29AE847400A13C2C /* PokemonTableViewCell.swift in Sources */,
				AF3D981929AE624F00A13C2C /* AppDelegate.swift in Sources */,
				AF3D981B29AE624F00A13C2C /* SceneDelegate.swift in Sources */,
				AF3D983929AE689700A13C2C /* NetworkError.swift in Sources */,
				AF3D983B29AE6DE200A13C2C /* Constants.swift in Sources */,
				AF3D982F29AE653D00A13C2C /* Pokemon.swift in Sources */,
				AF3D983629AE677C00A13C2C /* NetworkingController.swift in Sources */,
			);
			runOnlyForDeploymentPostprocessing = 0;
		};
/* End PBXSourcesBuildPhase section */

/* Begin PBXVariantGroup section */
		AF3D981E29AE624F00A13C2C /* Main.storyboard */ = {
			isa = PBXVariantGroup;
			children = (
				AF3D981F29AE624F00A13C2C /* Base */,
			);
			name = Main.storyboard;
			sourceTree = "<group>";
		};
		AF3D982329AE625000A13C2C /* LaunchScreen.storyboard */ = {
			isa = PBXVariantGroup;
			children = (
				AF3D982429AE625000A13C2C /* Base */,
			);
			name = LaunchScreen.storyboard;
			sourceTree = "<group>";
		};
/* End PBXVariantGroup section */

/* Begin XCBuildConfiguration section */
		AF3D982729AE625000A13C2C /* Debug */ = {
			isa = XCBuildConfiguration;
			buildSettings = {
				ALWAYS_SEARCH_USER_PATHS = NO;
				CLANG_ANALYZER_NONNULL = YES;
				CLANG_ANALYZER_NUMBER_OBJECT_CONVERSION = YES_AGGRESSIVE;
				CLANG_CXX_LANGUAGE_STANDARD = "gnu++20";
				CLANG_ENABLE_MODULES = YES;
				CLANG_ENABLE_OBJC_ARC = YES;
				CLANG_ENABLE_OBJC_WEAK = YES;
				CLANG_WARN_BLOCK_CAPTURE_AUTORELEASING = YES;
				CLANG_WARN_BOOL_CONVERSION = YES;
				CLANG_WARN_COMMA = YES;
				CLANG_WARN_CONSTANT_CONVERSION = YES;
				CLANG_WARN_DEPRECATED_OBJC_IMPLEMENTATIONS = YES;
				CLANG_WARN_DIRECT_OBJC_ISA_USAGE = YES_ERROR;
				CLANG_WARN_DOCUMENTATION_COMMENTS = YES;
				CLANG_WARN_EMPTY_BODY = YES;
				CLANG_WARN_ENUM_CONVERSION = YES;
				CLANG_WARN_INFINITE_RECURSION = YES;
				CLANG_WARN_INT_CONVERSION = YES;
				CLANG_WARN_NON_LITERAL_NULL_CONVERSION = YES;
				CLANG_WARN_OBJC_IMPLICIT_RETAIN_SELF = YES;
				CLANG_WARN_OBJC_LITERAL_CONVERSION = YES;
				CLANG_WARN_OBJC_ROOT_CLASS = YES_ERROR;
				CLANG_WARN_QUOTED_INCLUDE_IN_FRAMEWORK_HEADER = YES;
				CLANG_WARN_RANGE_LOOP_ANALYSIS = YES;
				CLANG_WARN_STRICT_PROTOTYPES = YES;
				CLANG_WARN_SUSPICIOUS_MOVE = YES;
				CLANG_WARN_UNGUARDED_AVAILABILITY = YES_AGGRESSIVE;
				CLANG_WARN_UNREACHABLE_CODE = YES;
				CLANG_WARN__DUPLICATE_METHOD_MATCH = YES;
				COPY_PHASE_STRIP = NO;
				DEBUG_INFORMATION_FORMAT = dwarf;
				ENABLE_STRICT_OBJC_MSGSEND = YES;
				ENABLE_TESTABILITY = YES;
				GCC_C_LANGUAGE_STANDARD = gnu11;
				GCC_DYNAMIC_NO_PIC = NO;
				GCC_NO_COMMON_BLOCKS = YES;
				GCC_OPTIMIZATION_LEVEL = 0;
				GCC_PREPROCESSOR_DEFINITIONS = (
					"DEBUG=1",
					"$(inherited)",
				);
				GCC_WARN_64_TO_32_BIT_CONVERSION = YES;
				GCC_WARN_ABOUT_RETURN_TYPE = YES_ERROR;
				GCC_WARN_UNDECLARED_SELECTOR = YES;
				GCC_WARN_UNINITIALIZED_AUTOS = YES_AGGRESSIVE;
				GCC_WARN_UNUSED_FUNCTION = YES;
				GCC_WARN_UNUSED_VARIABLE = YES;
				IPHONEOS_DEPLOYMENT_TARGET = 16.2;
				MTL_ENABLE_DEBUG_INFO = INCLUDE_SOURCE;
				MTL_FAST_MATH = YES;
				ONLY_ACTIVE_ARCH = YES;
				SDKROOT = iphoneos;
				SWIFT_ACTIVE_COMPILATION_CONDITIONS = DEBUG;
				SWIFT_OPTIMIZATION_LEVEL = "-Onone";
			};
			name = Debug;
		};
		AF3D982829AE625000A13C2C /* Release */ = {
			isa = XCBuildConfiguration;
			buildSettings = {
				ALWAYS_SEARCH_USER_PATHS = NO;
				CLANG_ANALYZER_NONNULL = YES;
				CLANG_ANALYZER_NUMBER_OBJECT_CONVERSION = YES_AGGRESSIVE;
				CLANG_CXX_LANGUAGE_STANDARD = "gnu++20";
				CLANG_ENABLE_MODULES = YES;
				CLANG_ENABLE_OBJC_ARC = YES;
				CLANG_ENABLE_OBJC_WEAK = YES;
				CLANG_WARN_BLOCK_CAPTURE_AUTORELEASING = YES;
				CLANG_WARN_BOOL_CONVERSION = YES;
				CLANG_WARN_COMMA = YES;
				CLANG_WARN_CONSTANT_CONVERSION = YES;
				CLANG_WARN_DEPRECATED_OBJC_IMPLEMENTATIONS = YES;
				CLANG_WARN_DIRECT_OBJC_ISA_USAGE = YES_ERROR;
				CLANG_WARN_DOCUMENTATION_COMMENTS = YES;
				CLANG_WARN_EMPTY_BODY = YES;
				CLANG_WARN_ENUM_CONVERSION = YES;
				CLANG_WARN_INFINITE_RECURSION = YES;
				CLANG_WARN_INT_CONVERSION = YES;
				CLANG_WARN_NON_LITERAL_NULL_CONVERSION = YES;
				CLANG_WARN_OBJC_IMPLICIT_RETAIN_SELF = YES;
				CLANG_WARN_OBJC_LITERAL_CONVERSION = YES;
				CLANG_WARN_OBJC_ROOT_CLASS = YES_ERROR;
				CLANG_WARN_QUOTED_INCLUDE_IN_FRAMEWORK_HEADER = YES;
				CLANG_WARN_RANGE_LOOP_ANALYSIS = YES;
				CLANG_WARN_STRICT_PROTOTYPES = YES;
				CLANG_WARN_SUSPICIOUS_MOVE = YES;
				CLANG_WARN_UNGUARDED_AVAILABILITY = YES_AGGRESSIVE;
				CLANG_WARN_UNREACHABLE_CODE = YES;
				CLANG_WARN__DUPLICATE_METHOD_MATCH = YES;
				COPY_PHASE_STRIP = NO;
				DEBUG_INFORMATION_FORMAT = "dwarf-with-dsym";
				ENABLE_NS_ASSERTIONS = NO;
				ENABLE_STRICT_OBJC_MSGSEND = YES;
				GCC_C_LANGUAGE_STANDARD = gnu11;
				GCC_NO_COMMON_BLOCKS = YES;
				GCC_WARN_64_TO_32_BIT_CONVERSION = YES;
				GCC_WARN_ABOUT_RETURN_TYPE = YES_ERROR;
				GCC_WARN_UNDECLARED_SELECTOR = YES;
				GCC_WARN_UNINITIALIZED_AUTOS = YES_AGGRESSIVE;
				GCC_WARN_UNUSED_FUNCTION = YES;
				GCC_WARN_UNUSED_VARIABLE = YES;
				IPHONEOS_DEPLOYMENT_TARGET = 16.2;
				MTL_ENABLE_DEBUG_INFO = NO;
				MTL_FAST_MATH = YES;
				SDKROOT = iphoneos;
				SWIFT_COMPILATION_MODE = wholemodule;
				SWIFT_OPTIMIZATION_LEVEL = "-O";
				VALIDATE_PRODUCT = YES;
			};
			name = Release;
		};
		AF3D982A29AE625000A13C2C /* Debug */ = {
			isa = XCBuildConfiguration;
			buildSettings = {
				ASSETCATALOG_COMPILER_APPICON_NAME = AppIcon;
				ASSETCATALOG_COMPILER_GLOBAL_ACCENT_COLOR_NAME = AccentColor;
				CODE_SIGN_STYLE = Automatic;
				CURRENT_PROJECT_VERSION = 1;
				GENERATE_INFOPLIST_FILE = YES;
				INFOPLIST_FILE = PokedexCodeable/SupportingFiles/Info.plist;
				INFOPLIST_KEY_UIApplicationSupportsIndirectInputEvents = YES;
				INFOPLIST_KEY_UILaunchStoryboardName = LaunchScreen;
				INFOPLIST_KEY_UIMainStoryboardFile = Main;
				INFOPLIST_KEY_UISupportedInterfaceOrientations_iPad = "UIInterfaceOrientationPortrait UIInterfaceOrientationPortraitUpsideDown UIInterfaceOrientationLandscapeLeft UIInterfaceOrientationLandscapeRight";
				INFOPLIST_KEY_UISupportedInterfaceOrientations_iPhone = "UIInterfaceOrientationPortrait UIInterfaceOrientationLandscapeLeft UIInterfaceOrientationLandscapeRight";
				LD_RUNPATH_SEARCH_PATHS = (
					"$(inherited)",
					"@executable_path/Frameworks",
				);
				MARKETING_VERSION = 1.0;
				PRODUCT_BUNDLE_IDENTIFIER = "BlakHawk-Productions.PokedexCodeable";
				PRODUCT_NAME = "$(TARGET_NAME)";
				SWIFT_EMIT_LOC_STRINGS = YES;
				SWIFT_VERSION = 5.0;
				TARGETED_DEVICE_FAMILY = "1,2";
			};
			name = Debug;
		};
		AF3D982B29AE625000A13C2C /* Release */ = {
			isa = XCBuildConfiguration;
			buildSettings = {
				ASSETCATALOG_COMPILER_APPICON_NAME = AppIcon;
				ASSETCATALOG_COMPILER_GLOBAL_ACCENT_COLOR_NAME = AccentColor;
				CODE_SIGN_STYLE = Automatic;
				CURRENT_PROJECT_VERSION = 1;
				GENERATE_INFOPLIST_FILE = YES;
				INFOPLIST_FILE = PokedexCodeable/SupportingFiles/Info.plist;
				INFOPLIST_KEY_UIApplicationSupportsIndirectInputEvents = YES;
				INFOPLIST_KEY_UILaunchStoryboardName = LaunchScreen;
				INFOPLIST_KEY_UIMainStoryboardFile = Main;
				INFOPLIST_KEY_UISupportedInterfaceOrientations_iPad = "UIInterfaceOrientationPortrait UIInterfaceOrientationPortraitUpsideDown UIInterfaceOrientationLandscapeLeft UIInterfaceOrientationLandscapeRight";
				INFOPLIST_KEY_UISupportedInterfaceOrientations_iPhone = "UIInterfaceOrientationPortrait UIInterfaceOrientationLandscapeLeft UIInterfaceOrientationLandscapeRight";
				LD_RUNPATH_SEARCH_PATHS = (
					"$(inherited)",
					"@executable_path/Frameworks",
				);
				MARKETING_VERSION = 1.0;
				PRODUCT_BUNDLE_IDENTIFIER = "BlakHawk-Productions.PokedexCodeable";
				PRODUCT_NAME = "$(TARGET_NAME)";
				SWIFT_EMIT_LOC_STRINGS = YES;
				SWIFT_VERSION = 5.0;
				TARGETED_DEVICE_FAMILY = "1,2";
			};
			name = Release;
		};
/* End XCBuildConfiguration section */

/* Begin XCConfigurationList section */
		AF3D981029AE624F00A13C2C /* Build configuration list for PBXProject "PokedexCodeable" */ = {
			isa = XCConfigurationList;
			buildConfigurations = (
				AF3D982729AE625000A13C2C /* Debug */,
				AF3D982829AE625000A13C2C /* Release */,
			);
			defaultConfigurationIsVisible = 0;
			defaultConfigurationName = Release;
		};
		AF3D982929AE625000A13C2C /* Build configuration list for PBXNativeTarget "PokedexCodeable" */ = {
			isa = XCConfigurationList;
			buildConfigurations = (
				AF3D982A29AE625000A13C2C /* Debug */,
				AF3D982B29AE625000A13C2C /* Release */,
			);
			defaultConfigurationIsVisible = 0;
			defaultConfigurationName = Release;
		};
/* End XCConfigurationList section */
	};
	rootObject = AF3D980D29AE624F00A13C2C /* Project object */;
}
